dependencies:
  espressif/led_strip:
    component_hash: 67d2744208e9c12d8b1992d21c979396c1726e57cb7e35e7c171c515be20f8ea
    source:
      service_url: https://api.components.espressif.com/
      type: service
    version: 2.5.3
  idf:
    component_hash: null
    source:
      type: idf
    version: 5.1.0
manifest_hash: 28bba46d9022278f16cdef95bdd9bd3032eee248b4571467994b5ed1bb7dbe75
target: esp32
version: 1.0.0
